// !$*UTF8*$!
{
	archiveVersion = 1;
	classes = {
	};
	objectVersion = 56;
	objects = {

/* Begin PBXBuildFile section */
		03d16cf0e0074ef6a0cf668f /* HiMarkDownApp.swift in Sources */ = {isa = PBXBuildFile; fileRef = 479826e75aae40dab40eae98 /* HiMarkDownApp.swift */; };
		123c4fdfea7044259cb549a2 /* DocumentModel.swift in Sources */ = {isa = PBXBuildFile; fileRef = 0763343608bd44f6b686bb0d /* DocumentModel.swift */; };
		29e4c4aea1614a72a4f9d434 /* ContentView.swift in Sources */ = {isa = PBXBuildFile; fileRef = e9f789fc150f44e8a3f37c8c /* ContentView.swift */; };
		807ffe4666c34af7b94217d4 /* MarkdownEditorView.swift in Sources */ = {isa = PBXBuildFile; fileRef = 95fc67ad860f4467839713c9 /* MarkdownEditorView.swift */; };
		5010d009bcf94af7ac5bb7c2 /* MarkdownHighlighter.swift in Sources */ = {isa = PBXBuildFile; fileRef = aafa3626bc3946b5846e1301 /* MarkdownHighlighter.swift */; };
		bef97146c27540768979b4fc /* WebEditorView.swift in Sources */ = {isa = PBXBuildFile; fileRef = d6ce0789ebf8432d98277282 /* WebEditorView.swift */; };
		0f5d59d33cbe4847856a987f /* HeadingParser.swift in Sources */ = {isa = PBXBuildFile; fileRef = 0c3b8a0903034babbb6af9b7 /* HeadingParser.swift */; };
		a35d68ac4e2449238574d49c /* SettingsAndFind.swift in Sources */ = {isa = PBXBuildFile; fileRef = 3c5bba88fa4e4e6fb3f24552 /* SettingsAndFind.swift */; };
		4f673a3b7be54f0597bb9da3 /* OutlineSidebar.swift in Sources */ = {isa = PBXBuildFile; fileRef = 6509114f314d496b8779c682 /* OutlineSidebar.swift */; };
		8144466c9ce44baaa1f44b7b /* HiAppearance.swift in Sources */ = {isa = PBXBuildFile; fileRef = ac5f35c5cc4c4ecfb1b1a7c8 /* HiAppearance.swift */; };
		0820d347740441c68baba3e0 /* Web in Resources */ = {isa = PBXBuildFile; fileRef = 62db23f5f0ad4bcda4be892a /* Web */; };
		3e5d6d332c004c5e88ea334c /* Assets.xcassets in Resources */ = {isa = PBXBuildFile; fileRef = 5d045e08c56e4d668b7db73f /* Assets.xcassets */; };
/* End PBXBuildFile section */

/* Begin PBXFileReference section */
		4607c8320c9a4a8dbe38a6cb /* HiMarkDown.app */ = {isa = PBXFileReference; explicitFileType = wrapper.application; includeInIndex = 0; path = HiMarkDown.app; sourceTree = BUILT_PRODUCTS_DIR; };
		479826e75aae40dab40eae98 /* HiMarkDownApp.swift */ = {isa = PBXFileReference; lastKnownFileType = sourcecode.swift; path = HiMarkDownApp.swift; sourceTree = "<group>"; };
		0763343608bd44f6b686bb0d /* DocumentModel.swift */ = {isa = PBXFileReference; lastKnownFileType = sourcecode.swift; path = DocumentModel.swift; sourceTree = "<group>"; };
		e9f789fc150f44e8a3f37c8c /* ContentView.swift */ = {isa = PBXFileReference; lastKnownFileType = sourcecode.swift; path = ContentView.swift; sourceTree = "<group>"; };
		95fc67ad860f4467839713c9 /* MarkdownEditorView.swift */ = {isa = PBXFileReference; lastKnownFileType = sourcecode.swift; path = MarkdownEditorView.swift; sourceTree = "<group>"; };
		aafa3626bc3946b5846e1301 /* MarkdownHighlighter.swift */ = {isa = PBXFileReference; lastKnownFileType = sourcecode.swift; path = MarkdownHighlighter.swift; sourceTree = "<group>"; };
		d6ce0789ebf8432d98277282 /* WebEditorView.swift */ = {isa = PBXFileReference; lastKnownFileType = sourcecode.swift; path = WebEditorView.swift; sourceTree = "<group>"; };
		0c3b8a0903034babbb6af9b7 /* HeadingParser.swift */ = {isa = PBXFileReference; lastKnownFileType = sourcecode.swift; path = HeadingParser.swift; sourceTree = "<group>"; };
		3c5bba88fa4e4e6fb3f24552 /* SettingsAndFind.swift */ = {isa = PBXFileReference; lastKnownFileType = sourcecode.swift; path = SettingsAndFind.swift; sourceTree = "<group>"; };
		6509114f314d496b8779c682 /* OutlineSidebar.swift */ = {isa = PBXFileReference; lastKnownFileType = sourcecode.swift; path = OutlineSidebar.swift; sourceTree = "<group>"; };
		ac5f35c5cc4c4ecfb1b1a7c8 /* HiAppearance.swift */ = {isa = PBXFileReference; lastKnownFileType = sourcecode.swift; path = HiAppearance.swift; sourceTree = "<group>"; };
		daede3df93d24e7ba86b9582 /* HiMarkDown.entitlements */ = {isa = PBXFileReference; lastKnownFileType = text.plist.entitlements; path = HiMarkDown.entitlements; sourceTree = "<group>"; };
		a6854e881f8e44cfb280605c /* Info.plist */ = {isa = PBXFileReference; lastKnownFileType = text.plist.xml; path = Info.plist; sourceTree = "<group>"; };
		62db23f5f0ad4bcda4be892a /* Web */ = {isa = PBXFileReference; lastKnownFileType = folder; path = Web; sourceTree = "<group>"; };
		5d045e08c56e4d668b7db73f /* Assets.xcassets */ = {isa = PBXFileReference; lastKnownFileType = folder.assetcatalog; path = Assets.xcassets; sourceTree = "<group>"; };
/* End PBXFileReference section */

/* Begin PBXFrameworksBuildPhase section */
		d9337efd154344b2b6894ca1 /* Frameworks */ = {
			isa = PBXFrameworksBuildPhase;
			buildActionMask = 2147483647;
			files = (
			);
			runOnlyForDeploymentPostprocessing = 0;
		};
/* End PBXFrameworksBuildPhase section */

/* Begin PBXGroup section */
		d0538b091d094a06a752c75a /* HiMarkDown */ = {
			isa = PBXGroup;
			children = (
				479826e75aae40dab40eae98 /* HiMarkDownApp.swift */,
				0763343608bd44f6b686bb0d /* DocumentModel.swift */,
				e9f789fc150f44e8a3f37c8c /* ContentView.swift */,
				95fc67ad860f4467839713c9 /* MarkdownEditorView.swift */,
				aafa3626bc3946b5846e1301 /* MarkdownHighlighter.swift */,
				d6ce0789ebf8432d98277282 /* WebEditorView.swift */,
				0c3b8a0903034babbb6af9b7 /* HeadingParser.swift */,
				3c5bba88fa4e4e6fb3f24552 /* SettingsAndFind.swift */,
				6509114f314d496b8779c682 /* OutlineSidebar.swift */,
				ac5f35c5cc4c4ecfb1b1a7c8 /* HiAppearance.swift */,
				daede3df93d24e7ba86b9582 /* HiMarkDown.entitlements */,
				a6854e881f8e44cfb280605c /* Info.plist */,
				62db23f5f0ad4bcda4be892a /* Web */,
				5d045e08c56e4d668b7db73f /* Assets.xcassets */,
			);
			path = HiMarkDown;
			sourceTree = "<group>";
		};
		560af38bb18f4ac9aa821854 /* Products */ = {
			isa = PBXGroup;
			children = (
				4607c8320c9a4a8dbe38a6cb /* HiMarkDown.app */,
			);
			name = Products;
			sourceTree = "<group>";
		};
		2df58ecd6beb4c9ca2b8e9ea = {
			isa = PBXGroup;
			children = (
				d0538b091d094a06a752c75a /* HiMarkDown */,
				560af38bb18f4ac9aa821854 /* Products */,
			);
			sourceTree = "<group>";
		};
/* End PBXGroup section */

/* Begin PBXShellScriptBuildPhase section */
		e7a81c2f4b3d4e5f8065a4b3c /* Build WebEditor bundle */ = {
			isa = PBXShellScriptBuildPhase;
			alwaysOutOfDate = 1;
			buildActionMask = 2147483647;
			files = (
			);
			inputFileListPaths = (
			);
			inputPaths = (
				"$(SRCROOT)/WebEditor/package.json",
				"$(SRCROOT)/WebEditor/package-lock.json",
				"$(SRCROOT)/WebEditor/src/main.ts",
				"$(SRCROOT)/WebEditor/src/mermaidCodeBlock.ts",
			);
			name = "Build WebEditor bundle";
			outputFileListPaths = (
			);
			outputPaths = (
				"$(SRCROOT)/HiMarkDown/Web/editor.js",
			);
			runOnlyForDeploymentPostprocessing = 0;
			shellPath = /bin/sh;
			shellScript = "set -e\nexport PATH=\"/opt/homebrew/bin:/usr/local/bin:$PATH\"\nif ! command -v npm >/dev/null 2>&1; then\n  echo \"error: npm not on PATH. Install Node.js, then: cd WebEditor && npm install && npm run build\" >&2\n  exit 1\nfi\ncd \"$SRCROOT/WebEditor\"\nif [ ! -d node_modules ]; then\n  npm install\nfi\nnpm run build\n";
		};
/* End PBXShellScriptBuildPhase section */

/* Begin PBXNativeTarget section */
		0a5bbda1581b4fc7a9e95fad /* HiMarkDown */ = {
			isa = PBXNativeTarget;
			buildConfigurationList = c329bef96fea4f07bd9355c2 /* Build configuration list for PBXNativeTarget "HiMarkDown" */;
			buildPhases = (
				e7a81c2f4b3d4e5f8065a4b3c /* Build WebEditor bundle */,
				b3a11a89f03e4bb08aa02321 /* Sources */,
				d9337efd154344b2b6894ca1 /* Frameworks */,
				f64bdc5e43424dbc9e4d7bea /* Resources */,
			);
			buildRules = (
			);
			dependencies = (
			);
			name = HiMarkDown;
			productName = HiMarkDown;
			productReference = 4607c8320c9a4a8dbe38a6cb /* HiMarkDown.app */;
			productType = "com.apple.product-type.application";
		};
/* End PBXNativeTarget section */

/* Begin PBXProject section */
		bd77617fd41e48fb8059d137 /* Project object */ = {
			isa = PBXProject;
			attributes = {LastSwiftUpdateCheck = 1500; LastUpgradeCheck = 1500;};
			buildConfigurationList = 6d89367f7cb64c9995a0e1f8 /* Build configuration list for PBXProject "HiMarkDown" */;
			compatibilityVersion = "Xcode 14.0";
			developmentRegion = en;
			hasScannedForEncodings = 0;
			knownRegions = (en, Base);
			mainGroup = 2df58ecd6beb4c9ca2b8e9ea;
			productRefGroup = 560af38bb18f4ac9aa821854 /* Products */;
			projectDirPath = "";
			projectRoot = "";
			targets = (
				0a5bbda1581b4fc7a9e95fad /* HiMarkDown */,
			);
		};
/* End PBXProject section */

/* Begin PBXResourcesBuildPhase section */
		f64bdc5e43424dbc9e4d7bea /* Resources */ = {
			isa = PBXResourcesBuildPhase;
			buildActionMask = 2147483647;
			files = (
				0820d347740441c68baba3e0 /* Web in Resources */,
				3e5d6d332c004c5e88ea334c /* Assets.xcassets in Resources */,
			);
			runOnlyForDeploymentPostprocessing = 0;
		};
/* End PBXResourcesBuildPhase section */

/* Begin PBXSourcesBuildPhase section */
		b3a11a89f03e4bb08aa02321 /* Sources */ = {
			isa = PBXSourcesBuildPhase;
			buildActionMask = 2147483647;
			files = (
				03d16cf0e0074ef6a0cf668f /* HiMarkDownApp.swift in Sources */,
				123c4fdfea7044259cb549a2 /* DocumentModel.swift in Sources */,
				29e4c4aea1614a72a4f9d434 /* ContentView.swift in Sources */,
				807ffe4666c34af7b94217d4 /* MarkdownEditorView.swift in Sources */,
				5010d009bcf94af7ac5bb7c2 /* MarkdownHighlighter.swift in Sources */,
				bef97146c27540768979b4fc /* WebEditorView.swift in Sources */,
				0f5d59d33cbe4847856a987f /* HeadingParser.swift in Sources */,
				a35d68ac4e2449238574d49c /* SettingsAndFind.swift in Sources */,
				4f673a3b7be54f0597bb9da3 /* OutlineSidebar.swift in Sources */,
				8144466c9ce44baaa1f44b7b /* HiAppearance.swift in Sources */,
			);
			runOnlyForDeploymentPostprocessing = 0;
		};
/* End PBXSourcesBuildPhase section */

/* Begin XCBuildConfiguration section */
		005bb9a5678b4a84ac50cd00 /* Debug */ = {
			isa = XCBuildConfiguration;
			buildSettings = {
				ALWAYS_SEARCH_USER_PATHS = NO;
				CLANG_ENABLE_MODULES = YES;
				CLANG_ENABLE_OBJC_ARC = YES;
				DEBUG_INFORMATION_FORMAT = dwarf;
				GCC_OPTIMIZATION_LEVEL = 0;
				ONLY_ACTIVE_ARCH = YES;
				SWIFT_ACTIVE_COMPILATION_CONDITIONS = DEBUG;
			};
			name = Debug;
		};
		22c9b58862df4c5dad59f2c6 /* Release */ = {
			isa = XCBuildConfiguration;
			buildSettings = {
				ALWAYS_SEARCH_USER_PATHS = NO;
				CLANG_ENABLE_MODULES = YES;
				CLANG_ENABLE_OBJC_ARC = YES;
				DEBUG_INFORMATION_FORMAT = "dwarf-with-dsym";
			};
			name = Release;
		};
		a46048db6b5040f5bfc7a746 /* Debug */ = {
			isa = XCBuildConfiguration;
			buildSettings = {
				ASSETCATALOG_COMPILER_APPICON_NAME = AppIcon;
				CODE_SIGN_ENTITLEMENTS = HiMarkDown/HiMarkDown.entitlements;
				CODE_SIGN_STYLE = Automatic;
				COMBINE_HIDPI_IMAGES = YES;
				CURRENT_PROJECT_VERSION = 1;
				DEVELOPMENT_TEAM = "";
				ENABLE_APP_SANDBOX = YES;
				ENABLE_HARDENED_RUNTIME = YES;
				GENERATE_INFOPLIST_FILE = NO;
				INFOPLIST_FILE = HiMarkDown/Info.plist;
				INFOPLIST_KEY_CFBundleDisplayName = HiMarkDown;
				INFOPLIST_KEY_LSApplicationCategoryType = public.app-category.productivity;
				LD_RUNPATH_SEARCH_PATHS = (
					"$(inherited)",
					"@executable_path/../Frameworks",
				);
				MACOSX_DEPLOYMENT_TARGET = 13.0;
				MARKETING_VERSION = 1.0;
				PRODUCT_BUNDLE_IDENTIFIER = dev.himarkdown.HiMarkDown;
				PRODUCT_NAME = "$(TARGET_NAME)";
				SWIFT_EMIT_LOC_STRINGS = YES;
				SWIFT_VERSION = 5.0;

				SWIFT_OPTIMIZATION_LEVEL = "-Onone";
			};
			name = Debug;
		};
		62d64b5f1e854803abe502c1 /* Release */ = {
			isa = XCBuildConfiguration;
			buildSettings = {
				ASSETCATALOG_COMPILER_APPICON_NAME = AppIcon;
				CODE_SIGN_ENTITLEMENTS = HiMarkDown/HiMarkDown.entitlements;
				CODE_SIGN_STYLE = Automatic;
				COMBINE_HIDPI_IMAGES = YES;
				CURRENT_PROJECT_VERSION = 1;
				DEVELOPMENT_TEAM = "";
				ENABLE_APP_SANDBOX = YES;
				ENABLE_HARDENED_RUNTIME = YES;
				GENERATE_INFOPLIST_FILE = NO;
				INFOPLIST_FILE = HiMarkDown/Info.plist;
				INFOPLIST_KEY_CFBundleDisplayName = HiMarkDown;
				INFOPLIST_KEY_LSApplicationCategoryType = public.app-category.productivity;
				LD_RUNPATH_SEARCH_PATHS = (
					"$(inherited)",
					"@executable_path/../Frameworks",
				);
				MACOSX_DEPLOYMENT_TARGET = 13.0;
				MARKETING_VERSION = 1.0;
				PRODUCT_BUNDLE_IDENTIFIER = dev.himarkdown.HiMarkDown;
				PRODUCT_NAME = "$(TARGET_NAME)";
				SWIFT_EMIT_LOC_STRINGS = YES;
				SWIFT_VERSION = 5.0;

				SWIFT_COMPILATION_MODE = wholemodule;
			};
			name = Release;
		};
/* End XCBuildConfiguration section */

/* Begin XCConfigurationList section */
		6d89367f7cb64c9995a0e1f8 /* Build configuration list for PBXProject "HiMarkDown" */ = {
			isa = XCConfigurationList;
			buildConfigurations = (
				005bb9a5678b4a84ac50cd00 /* Debug */,
				22c9b58862df4c5dad59f2c6 /* Release */,
			);
			defaultConfigurationIsVisible = 0;
			defaultConfigurationName = Release;
		};
		c329bef96fea4f07bd9355c2 /* Build configuration list for PBXNativeTarget "HiMarkDown" */ = {
			isa = XCConfigurationList;
			buildConfigurations = (
				a46048db6b5040f5bfc7a746 /* Debug */,
				62d64b5f1e854803abe502c1 /* Release */,
			);
			defaultConfigurationIsVisible = 0;
			defaultConfigurationName = Release;
		};
/* End XCConfigurationList section */
	};
	rootObject = bd77617fd41e48fb8059d137 /* Project object */;
}
